// !$*UTF8*$!
{
	archiveVersion = 1;
	classes = {
	};
	objectVersion = 52;
	objects = {

/* Begin PBXBuildFile section */
		ECE537512482A2470046B843 /* protocol.swift in Sources */ = {isa = PBXBuildFile; fileRef = ECE537502482A2470046B843 /* protocol.swift */; };
		ECF3B360245D4AC200128AC1 /* UmbrellaCore.framework in Frameworks */ = {isa = PBXBuildFile; fileRef = ECF3B356245D4AC200128AC1 /* UmbrellaCore.framework */; };
		ECF3B365245D4AC200128AC1 /* UmbrellaCoreTests.swift in Sources */ = {isa = PBXBuildFile; fileRef = ECF3B364245D4AC200128AC1 /* UmbrellaCoreTests.swift */; };
		ECF3B367245D4AC200128AC1 /* UmbrellaCore.h in Headers */ = {isa = PBXBuildFile; fileRef = ECF3B359245D4AC200128AC1 /* UmbrellaCore.h */; settings = {ATTRIBUTES = (Public, ); }; };
		ECF3B42A245D515200128AC1 /* exported.swift in Sources */ = {isa = PBXBuildFile; fileRef = ECF3B429245D515200128AC1 /* exported.swift */; };
		ECF3B42D245D515F00128AC1 /* UmbrellaFramework.framework in Frameworks */ = {isa = PBXBuildFile; fileRef = ECF3B42C245D515F00128AC1 /* UmbrellaFramework.framework */; platformFilter = ios; };
/* End PBXBuildFile section */

/* Begin PBXContainerItemProxy section */
		ECF3B361245D4AC200128AC1 /* PBXContainerItemProxy */ = {
			isa = PBXContainerItemProxy;
			containerPortal = ECF3B34D245D4AC200128AC1 /* Project object */;
			proxyType = 1;
			remoteGlobalIDString = ECF3B355245D4AC200128AC1;
			remoteInfo = UmbrellaCore;
		};
/* End PBXContainerItemProxy section */

/* Begin PBXFileReference section */
		ECE537502482A2470046B843 /* protocol.swift */ = {isa = PBXFileReference; lastKnownFileType = sourcecode.swift; path = protocol.swift; sourceTree = "<group>"; };
		ECF3B356245D4AC200128AC1 /* UmbrellaCore.framework */ = {isa = PBXFileReference; explicitFileType = wrapper.framework; includeInIndex = 0; path = UmbrellaCore.framework; sourceTree = BUILT_PRODUCTS_DIR; };
		ECF3B359245D4AC200128AC1 /* UmbrellaCore.h */ = {isa = PBXFileReference; lastKnownFileType = sourcecode.c.h; path = UmbrellaCore.h; sourceTree = "<group>"; };
		ECF3B35A245D4AC200128AC1 /* Info.plist */ = {isa = PBXFileReference; lastKnownFileType = text.plist.xml; path = Info.plist; sourceTree = "<group>"; };
		ECF3B35F245D4AC200128AC1 /* UmbrellaCoreTests.xctest */ = {isa = PBXFileReference; explicitFileType = wrapper.cfbundle; includeInIndex = 0; path = UmbrellaCoreTests.xctest; sourceTree = BUILT_PRODUCTS_DIR; };
		ECF3B364245D4AC200128AC1 /* UmbrellaCoreTests.swift */ = {isa = PBXFileReference; lastKnownFileType = sourcecode.swift; path = UmbrellaCoreTests.swift; sourceTree = "<group>"; };
		ECF3B366245D4AC200128AC1 /* Info.plist */ = {isa = PBXFileReference; lastKnownFileType = text.plist.xml; path = Info.plist; sourceTree = "<group>"; };
		ECF3B429245D515200128AC1 /* exported.swift */ = {isa = PBXFileReference; lastKnownFileType = sourcecode.swift; path = exported.swift; sourceTree = "<group>"; };
		ECF3B42C245D515F00128AC1 /* UmbrellaFramework.framework */ = {isa = PBXFileReference; explicitFileType = wrapper.framework; path = UmbrellaFramework.framework; sourceTree = BUILT_PRODUCTS_DIR; };
/* End PBXFileReference section */

/* Begin PBXFrameworksBuildPhase section */
		ECF3B353245D4AC200128AC1 /* Frameworks */ = {
			isa = PBXFrameworksBuildPhase;
			buildActionMask = 2147483647;
			files = (
				ECF3B42D245D515F00128AC1 /* UmbrellaFramework.framework in Frameworks */,
			);
			runOnlyForDeploymentPostprocessing = 0;
		};
		ECF3B35C245D4AC200128AC1 /* Frameworks */ = {
			isa = PBXFrameworksBuildPhase;
			buildActionMask = 2147483647;
			files = (
				ECF3B360245D4AC200128AC1 /* UmbrellaCore.framework in Frameworks */,
			);
			runOnlyForDeploymentPostprocessing = 0;
		};
/* End PBXFrameworksBuildPhase section */

/* Begin PBXGroup section */
		ECF3B34C245D4AC200128AC1 = {
			isa = PBXGroup;
			children = (
				ECF3B358245D4AC200128AC1 /* UmbrellaCore */,
				ECF3B363245D4AC200128AC1 /* UmbrellaCoreTests */,
				ECF3B357245D4AC200128AC1 /* Products */,
				ECF3B42B245D515F00128AC1 /* Frameworks */,
			);
			sourceTree = "<group>";
		};
		ECF3B357245D4AC200128AC1 /* Products */ = {
			isa = PBXGroup;
			children = (
				ECF3B356245D4AC200128AC1 /* UmbrellaCore.framework */,
				ECF3B35F245D4AC200128AC1 /* UmbrellaCoreTests.xctest */,
			);
			name = Products;
			sourceTree = "<group>";
		};
		ECF3B358245D4AC200128AC1 /* UmbrellaCore */ = {
			isa = PBXGroup;
			children = (
				ECF3B359245D4AC200128AC1 /* UmbrellaCore.h */,
				ECF3B35A245D4AC200128AC1 /* Info.plist */,
				ECF3B429245D515200128AC1 /* exported.swift */,
				ECE537502482A2470046B843 /* protocol.swift */,
			);
			path = UmbrellaCore;
			sourceTree = "<group>";
		};
		ECF3B363245D4AC200128AC1 /* UmbrellaCoreTests */ = {
			isa = PBXGroup;
			children = (
				ECF3B364245D4AC200128AC1 /* UmbrellaCoreTests.swift */,
				ECF3B366245D4AC200128AC1 /* Info.plist */,
			);
			path = UmbrellaCoreTests;
			sourceTree = "<group>";
		};
		ECF3B42B245D515F00128AC1 /* Frameworks */ = {
			isa = PBXGroup;
			children = (
				ECF3B42C245D515F00128AC1 /* UmbrellaFramework.framework */,
			);
			name = Frameworks;
			sourceTree = "<group>";
		};
/* End PBXGroup section */

/* Begin PBXHeadersBuildPhase section */
		ECF3B351245D4AC200128AC1 /* Headers */ = {
			isa = PBXHeadersBuildPhase;
			buildActionMask = 2147483647;
			files = (
				ECF3B367245D4AC200128AC1 /* UmbrellaCore.h in Headers */,
			);
			runOnlyForDeploymentPostprocessing = 0;
		};
/* End PBXHeadersBuildPhase section */

/* Begin PBXNativeTarget section */
		ECF3B355245D4AC200128AC1 /* UmbrellaCore */ = {
			isa = PBXNativeTarget;
			buildConfigurationList = ECF3B36A245D4AC200128AC1 /* Build configuration list for PBXNativeTarget "UmbrellaCore" */;
			buildPhases = (
				ECF3B351245D4AC200128AC1 /* Headers */,
				ECF3B352245D4AC200128AC1 /* Sources */,
				ECF3B353245D4AC200128AC1 /* Frameworks */,
				ECF3B354245D4AC200128AC1 /* Resources */,
			);
			buildRules = (
			);
			dependencies = (
			);
			name = UmbrellaCore;
			productName = UmbrellaCore;
			productReference = ECF3B356245D4AC200128AC1 /* UmbrellaCore.framework */;
			productType = "com.apple.product-type.framework";
		};
		ECF3B35E245D4AC200128AC1 /* UmbrellaCoreTests */ = {
			isa = PBXNativeTarget;
			buildConfigurationList = ECF3B36D245D4AC200128AC1 /* Build configuration list for PBXNativeTarget "UmbrellaCoreTests" */;
			buildPhases = (
				ECF3B35B245D4AC200128AC1 /* Sources */,
				ECF3B35C245D4AC200128AC1 /* Frameworks */,
				ECF3B35D245D4AC200128AC1 /* Resources */,
			);
			buildRules = (
			);
			dependencies = (
				ECF3B362245D4AC200128AC1 /* PBXTargetDependency */,
			);
			name = UmbrellaCoreTests;
			productName = UmbrellaCoreTests;
			productReference = ECF3B35F245D4AC200128AC1 /* UmbrellaCoreTests.xctest */;
			productType = "com.apple.product-type.bundle.unit-test";
		};
/* End PBXNativeTarget section */

/* Begin PBXProject section */
		ECF3B34D245D4AC200128AC1 /* Project object */ = {
			isa = PBXProject;
			attributes = {
				LastSwiftUpdateCheck = 1140;
				LastUpgradeCheck = 1140;
				ORGANIZATIONNAME = kitasuke;
				TargetAttributes = {
					ECF3B355245D4AC200128AC1 = {
						CreatedOnToolsVersion = 11.4.1;
						LastSwiftMigration = 1140;
					};
					ECF3B35E245D4AC200128AC1 = {
						CreatedOnToolsVersion = 11.4.1;
					};
				};
			};
			buildConfigurationList = ECF3B350245D4AC200128AC1 /* Build configuration list for PBXProject "UmbrellaCore" */;
			compatibilityVersion = "Xcode 9.3";
			developmentRegion = en;
			hasScannedForEncodings = 0;
			knownRegions = (
				en,
				Base,
			);
			mainGroup = ECF3B34C245D4AC200128AC1;
			productRefGroup = ECF3B357245D4AC200128AC1 /* Products */;
			projectDirPath = "";
			projectRoot = "";
			targets = (
				ECF3B355245D4AC200128AC1 /* UmbrellaCore */,
				ECF3B35E245D4AC200128AC1 /* UmbrellaCoreTests */,
			);
		};
/* End PBXProject section */

/* Begin PBXResourcesBuildPhase section */
		ECF3B354245D4AC200128AC1 /* Resources */ = {
			isa = PBXResourcesBuildPhase;
			buildActionMask = 2147483647;
			files = (
			);
			runOnlyForDeploymentPostprocessing = 0;
		};
		ECF3B35D245D4AC200128AC1 /* Resources */ = {
			isa = PBXResourcesBuildPhase;
			buildActionMask = 2147483647;
			files = (
			);
			runOnlyForDeploymentPostprocessing = 0;
		};
/* End PBXResourcesBuildPhase section */

/* Begin PBXSourcesBuildPhase section */
		ECF3B352245D4AC200128AC1 /* Sources */ = {
			isa = PBXSourcesBuildPhase;
			buildActionMask = 2147483647;
			files = (
				ECE537512482A2470046B843 /* protocol.swift in Sources */,
				ECF3B42A245D515200128AC1 /* exported.swift in Sources */,
			);
			runOnlyForDeploymentPostprocessing = 0;
		};
		ECF3B35B245D4AC200128AC1 /* Sources */ = {
			isa = PBXSourcesBuildPhase;
			buildActionMask = 2147483647;
			files = (
				ECF3B365245D4AC200128AC1 /* UmbrellaCoreTests.swift in Sources */,
			);
			runOnlyForDeploymentPostprocessing = 0;
		};
/* End PBXSourcesBuildPhase section */

/* Begin PBXTargetDependency section */
		ECF3B362245D4AC200128AC1 /* PBXTargetDependency */ = {
			isa = PBXTargetDependency;
			target = ECF3B355245D4AC200128AC1 /* UmbrellaCore */;
			targetProxy = ECF3B361245D4AC200128AC1 /* PBXContainerItemProxy */;
		};
/* End PBXTargetDependency section */

/* Begin XCBuildConfiguration section */
		ECF3B368245D4AC200128AC1 /* Debug */ = {
			isa = XCBuildConfiguration;
			buildSettings = {
				ALWAYS_SEARCH_USER_PATHS = NO;
				CLANG_ANALYZER_NONNULL = YES;
				CLANG_ANALYZER_NUMBER_OBJECT_CONVERSION = YES_AGGRESSIVE;
				CLANG_CXX_LANGUAGE_STANDARD = "gnu++14";
				CLANG_CXX_LIBRARY = "libc++";
				CLANG_ENABLE_MODULES = YES;
				CLANG_ENABLE_OBJC_ARC = YES;
				CLANG_ENABLE_OBJC_WEAK = YES;
				CLANG_WARN_BLOCK_CAPTURE_AUTORELEASING = YES;
				CLANG_WARN_BOOL_CONVERSION = YES;
				CLANG_WARN_COMMA = YES;
				CLANG_WARN_CONSTANT_CONVERSION = YES;
				CLANG_WARN_DEPRECATED_OBJC_IMPLEMENTATIONS = YES;
				CLANG_WARN_DIRECT_OBJC_ISA_USAGE = YES_ERROR;
				CLANG_WARN_DOCUMENTATION_COMMENTS = YES;
				CLANG_WARN_EMPTY_BODY = YES;
				CLANG_WARN_ENUM_CONVERSION = YES;
				CLANG_WARN_INFINITE_RECURSION = YES;
				CLANG_WARN_INT_CONVERSION = YES;
				CLANG_WARN_NON_LITERAL_NULL_CONVERSION = YES;
				CLANG_WARN_OBJC_IMPLICIT_RETAIN_SELF = YES;
				CLANG_WARN_OBJC_LITERAL_CONVERSION = YES;
				CLANG_WARN_OBJC_ROOT_CLASS = YES_ERROR;
				CLANG_WARN_RANGE_LOOP_ANALYSIS = YES;
				CLANG_WARN_STRICT_PROTOTYPES = YES;
				CLANG_WARN_SUSPICIOUS_MOVE = YES;
				CLANG_WARN_UNGUARDED_AVAILABILITY = YES_AGGRESSIVE;
				CLANG_WARN_UNREACHABLE_CODE = YES;
				CLANG_WARN__DUPLICATE_METHOD_MATCH = YES;
				COPY_PHASE_STRIP = NO;
				CURRENT_PROJECT_VERSION = 1;
				DEBUG_INFORMATION_FORMAT = dwarf;
				ENABLE_STRICT_OBJC_MSGSEND = YES;
				ENABLE_TESTABILITY = YES;
				GCC_C_LANGUAGE_STANDARD = gnu11;
				GCC_DYNAMIC_NO_PIC = NO;
				GCC_NO_COMMON_BLOCKS = YES;
				GCC_OPTIMIZATION_LEVEL = 0;
				GCC_PREPROCESSOR_DEFINITIONS = (
					"DEBUG=1",
					"$(inherited)",
				);
				GCC_WARN_64_TO_32_BIT_CONVERSION = YES;
				GCC_WARN_ABOUT_RETURN_TYPE = YES_ERROR;
				GCC_WARN_UNDECLARED_SELECTOR = YES;
				GCC_WARN_UNINITIALIZED_AUTOS = YES_AGGRESSIVE;
				GCC_WARN_UNUSED_FUNCTION = YES;
				GCC_WARN_UNUSED_VARIABLE = YES;
				IPHONEOS_DEPLOYMENT_TARGET = 13.4;
				MTL_ENABLE_DEBUG_INFO = INCLUDE_SOURCE;
				MTL_FAST_MATH = YES;
				ONLY_ACTIVE_ARCH = YES;
				SDKROOT = iphoneos;
				SWIFT_ACTIVE_COMPILATION_CONDITIONS = DEBUG;
				SWIFT_OPTIMIZATION_LEVEL = "-Onone";
				VERSIONING_SYSTEM = "apple-generic";
				VERSION_INFO_PREFIX = "";
			};
			name = Debug;
		};
		ECF3B369245D4AC200128AC1 /* Release */ = {
			isa = XCBuildConfiguration;
			buildSettings = {
				ALWAYS_SEARCH_USER_PATHS = NO;
				CLANG_ANALYZER_NONNULL = YES;
				CLANG_ANALYZER_NUMBER_OBJECT_CONVERSION = YES_AGGRESSIVE;
				CLANG_CXX_LANGUAGE_STANDARD = "gnu++14";
				CLANG_CXX_LIBRARY = "libc++";
				CLANG_ENABLE_MODULES = YES;
				CLANG_ENABLE_OBJC_ARC = YES;
				CLANG_ENABLE_OBJC_WEAK = YES;
				CLANG_WARN_BLOCK_CAPTURE_AUTORELEASING = YES;
				CLANG_WARN_BOOL_CONVERSION = YES;
				CLANG_WARN_COMMA = YES;
				CLANG_WARN_CONSTANT_CONVERSION = YES;
				CLANG_WARN_DEPRECATED_OBJC_IMPLEMENTATIONS = YES;
				CLANG_WARN_DIRECT_OBJC_ISA_USAGE = YES_ERROR;
				CLANG_WARN_DOCUMENTATION_COMMENTS = YES;
				CLANG_WARN_EMPTY_BODY = YES;
				CLANG_WARN_ENUM_CONVERSION = YES;
				CLANG_WARN_INFINITE_RECURSION = YES;
				CLANG_WARN_INT_CONVERSION = YES;
				CLANG_WARN_NON_LITERAL_NULL_CONVERSION = YES;
				CLANG_WARN_OBJC_IMPLICIT_RETAIN_SELF = YES;
				CLANG_WARN_OBJC_LITERAL_CONVERSION = YES;
				CLANG_WARN_OBJC_ROOT_CLASS = YES_ERROR;
				CLANG_WARN_RANGE_LOOP_ANALYSIS = YES;
				CLANG_WARN_STRICT_PROTOTYPES = YES;
				CLANG_WARN_SUSPICIOUS_MOVE = YES;
				CLANG_WARN_UNGUARDED_AVAILABILITY = YES_AGGRESSIVE;
				CLANG_WARN_UNREACHABLE_CODE = YES;
				CLANG_WARN__DUPLICATE_METHOD_MATCH = YES;
				COPY_PHASE_STRIP = NO;
				CURRENT_PROJECT_VERSION = 1;
				DEBUG_INFORMATION_FORMAT = "dwarf-with-dsym";
				ENABLE_NS_ASSERTIONS = NO;
				ENABLE_STRICT_OBJC_MSGSEND = YES;
				GCC_C_LANGUAGE_STANDARD = gnu11;
				GCC_NO_COMMON_BLOCKS = YES;
				GCC_WARN_64_TO_32_BIT_CONVERSION = YES;
				GCC_WARN_ABOUT_RETURN_TYPE = YES_ERROR;
				GCC_WARN_UNDECLARED_SELECTOR = YES;
				GCC_WARN_UNINITIALIZED_AUTOS = YES_AGGRESSIVE;
				GCC_WARN_UNUSED_FUNCTION = YES;
				GCC_WARN_UNUSED_VARIABLE = YES;
				IPHONEOS_DEPLOYMENT_TARGET = 13.4;
				MTL_ENABLE_DEBUG_INFO = NO;
				MTL_FAST_MATH = YES;
				SDKROOT = iphoneos;
				SWIFT_COMPILATION_MODE = wholemodule;
				SWIFT_OPTIMIZATION_LEVEL = "-O";
				VALIDATE_PRODUCT = YES;
				VERSIONING_SYSTEM = "apple-generic";
				VERSION_INFO_PREFIX = "";
			};
			name = Release;
		};
		ECF3B36B245D4AC200128AC1 /* Debug */ = {
			isa = XCBuildConfiguration;
			buildSettings = {
				CLANG_ENABLE_MODULES = YES;
				CODE_SIGN_STYLE = Automatic;
				DEFINES_MODULE = YES;
				DYLIB_COMPATIBILITY_VERSION = 1;
				DYLIB_CURRENT_VERSION = 1;
				DYLIB_INSTALL_NAME_BASE = "@rpath";
				FRAMEWORK_SEARCH_PATHS = "\"${BUILT_PRODUCTS_DIR}/UmbrellaFramework.framework\"";
				HEADER_SEARCH_PATHS = "\"${BUILT_PRODUCTS_DIR}/UmbrellaFramework.framework/Headers\"";
				INFOPLIST_FILE = UmbrellaCore/Info.plist;
				IPHONEOS_DEPLOYMENT_TARGET = 13.0;
				LD_RUNPATH_SEARCH_PATHS = (
					"$(inherited)",
					"@executable_path/Frameworks",
					"@loader_path/Frameworks",
				);
				MACH_O_TYPE = staticlib;
				PRODUCT_BUNDLE_IDENTIFIER = com.kitasuke.UmbrellaCore;
				PRODUCT_NAME = "$(TARGET_NAME:c99extidentifier)";
				SKIP_INSTALL = YES;
				SUPPORTS_MACCATALYST = NO;
				SWIFT_OPTIMIZATION_LEVEL = "-Onone";
				SWIFT_VERSION = 5.0;
				TARGETED_DEVICE_FAMILY = "1,2";
			};
			name = Debug;
		};
		ECF3B36C245D4AC200128AC1 /* Release */ = {
			isa = XCBuildConfiguration;
			buildSettings = {
				CLANG_ENABLE_MODULES = YES;
				CODE_SIGN_STYLE = Automatic;
				DEFINES_MODULE = YES;
				DYLIB_COMPATIBILITY_VERSION = 1;
				DYLIB_CURRENT_VERSION = 1;
				DYLIB_INSTALL_NAME_BASE = "@rpath";
				FRAMEWORK_SEARCH_PATHS = "\"${BUILT_PRODUCTS_DIR}/UmbrellaFramework.framework\"";
				HEADER_SEARCH_PATHS = "\"${BUILT_PRODUCTS_DIR}/UmbrellaFramework.framework/Headers\"";
				INFOPLIST_FILE = UmbrellaCore/Info.plist;
				IPHONEOS_DEPLOYMENT_TARGET = 13.0;
				LD_RUNPATH_SEARCH_PATHS = (
					"$(inherited)",
					"@executable_path/Frameworks",
					"@loader_path/Frameworks",
				);
				MACH_O_TYPE = staticlib;
				PRODUCT_BUNDLE_IDENTIFIER = com.kitasuke.UmbrellaCore;
				PRODUCT_NAME = "$(TARGET_NAME:c99extidentifier)";
				SKIP_INSTALL = YES;
				SUPPORTS_MACCATALYST = NO;
				SWIFT_VERSION = 5.0;
				TARGETED_DEVICE_FAMILY = "1,2";
			};
			name = Release;
		};
		ECF3B36E245D4AC200128AC1 /* Debug */ = {
			isa = XCBuildConfiguration;
			buildSettings = {
				ALWAYS_EMBED_SWIFT_STANDARD_LIBRARIES = YES;
				CODE_SIGN_STYLE = Automatic;
				INFOPLIST_FILE = UmbrellaCoreTests/Info.plist;
				LD_RUNPATH_SEARCH_PATHS = (
					"$(inherited)",
					"@executable_path/Frameworks",
					"@loader_path/Frameworks",
				);
				PRODUCT_BUNDLE_IDENTIFIER = com.kitasuke.UmbrellaCoreTests;
				PRODUCT_NAME = "$(TARGET_NAME)";
				SWIFT_VERSION = 5.0;
				TARGETED_DEVICE_FAMILY = "1,2";
			};
			name = Debug;
		};
		ECF3B36F245D4AC200128AC1 /* Release */ = {
			isa = XCBuildConfiguration;
			buildSettings = {
				ALWAYS_EMBED_SWIFT_STANDARD_LIBRARIES = YES;
				CODE_SIGN_STYLE = Automatic;
				INFOPLIST_FILE = UmbrellaCoreTests/Info.plist;
				LD_RUNPATH_SEARCH_PATHS = (
					"$(inherited)",
					"@executable_path/Frameworks",
					"@loader_path/Frameworks",
				);
				PRODUCT_BUNDLE_IDENTIFIER = com.kitasuke.UmbrellaCoreTests;
				PRODUCT_NAME = "$(TARGET_NAME)";
				SWIFT_VERSION = 5.0;
				TARGETED_DEVICE_FAMILY = "1,2";
			};
			name = Release;
		};
/* End XCBuildConfiguration section */

/* Begin XCConfigurationList section */
		ECF3B350245D4AC200128AC1 /* Build configuration list for PBXProject "UmbrellaCore" */ = {
			isa = XCConfigurationList;
			buildConfigurations = (
				ECF3B368245D4AC200128AC1 /* Debug */,
				ECF3B369245D4AC200128AC1 /* Release */,
			);
			defaultConfigurationIsVisible = 0;
			defaultConfigurationName = Release;
		};
		ECF3B36A245D4AC200128AC1 /* Build configuration list for PBXNativeTarget "UmbrellaCore" */ = {
			isa = XCConfigurationList;
			buildConfigurations = (
				ECF3B36B245D4AC200128AC1 /* Debug */,
				ECF3B36C245D4AC200128AC1 /* Release */,
			);
			defaultConfigurationIsVisible = 0;
			defaultConfigurationName = Release;
		};
		ECF3B36D245D4AC200128AC1 /* Build configuration list for PBXNativeTarget "UmbrellaCoreTests" */ = {
			isa = XCConfigurationList;
			buildConfigurations = (
				ECF3B36E245D4AC200128AC1 /* Debug */,
				ECF3B36F245D4AC200128AC1 /* Release */,
			);
			defaultConfigurationIsVisible = 0;
			defaultConfigurationName = Release;
		};
/* End XCConfigurationList section */
	};
	rootObject = ECF3B34D245D4AC200128AC1 /* Project object */;
}
